// !$*UTF8*$!
{
	archiveVersion = 1;
	classes = {
	};
	objectVersion = 55;
	objects = {

/* Begin PBXBuildFile section */
		21205EBC27F7423200E3C933 /* AppDelegate.swift in Sources */ = {isa = PBXBuildFile; fileRef = 21205EBB27F7423200E3C933 /* AppDelegate.swift */; };
		21205EBE27F7423200E3C933 /* art.scnassets in Resources */ = {isa = PBXBuildFile; fileRef = 21205EBD27F7423200E3C933 /* art.scnassets */; };
		21205EC027F7423200E3C933 /* ViewController.swift in Sources */ = {isa = PBXBuildFile; fileRef = 21205EBF27F7423200E3C933 /* ViewController.swift */; };
		21205EC327F7423200E3C933 /* Main.storyboard in Resources */ = {isa = PBXBuildFile; fileRef = 21205EC127F7423200E3C933 /* Main.storyboard */; };
		21205EC527F7423400E3C933 /* Assets.xcassets in Resources */ = {isa = PBXBuildFile; fileRef = 21205EC427F7423400E3C933 /* Assets.xcassets */; };
		21205EC827F7423400E3C933 /* LaunchScreen.storyboard in Resources */ = {isa = PBXBuildFile; fileRef = 21205EC627F7423400E3C933 /* LaunchScreen.storyboard */; };
		21205ED427F7921200E3C933 /* stars.swift in Sources */ = {isa = PBXBuildFile; fileRef = 21205ED327F7921200E3C933 /* stars.swift */; };
		21205ED827FB747400E3C933 /* Planet.swift in Sources */ = {isa = PBXBuildFile; fileRef = 21205ED727FB747400E3C933 /* Planet.swift */; };
		21587F78281895D5009923B0 /* SonifiedStars.mp3 in Resources */ = {isa = PBXBuildFile; fileRef = 21587F77281895D5009923B0 /* SonifiedStars.mp3 */; };
		2166562728145B6A004D9570 /* stardata2.csv in Resources */ = {isa = PBXBuildFile; fileRef = 2166562628145B6A004D9570 /* stardata2.csv */; };
		2187124C280A0E360035D16B /* Experience.rcproject in Sources */ = {isa = PBXBuildFile; fileRef = 2187124B280A0E360035D16B /* Experience.rcproject */; };
		21C5BF4827FE24D50069C4FD /* stardata.csv in Resources */ = {isa = PBXBuildFile; fileRef = 21C5BF4727FE24D50069C4FD /* stardata.csv */; };
/* End PBXBuildFile section */

/* Begin PBXFileReference section */
		21205EB827F7423200E3C933 /* SkyApp.app */ = {isa = PBXFileReference; explicitFileType = wrapper.application; includeInIndex = 0; path = SkyApp.app; sourceTree = BUILT_PRODUCTS_DIR; };
		21205EBB27F7423200E3C933 /* AppDelegate.swift */ = {isa = PBXFileReference; lastKnownFileType = sourcecode.swift; path = AppDelegate.swift; sourceTree = "<group>"; };
		21205EBD27F7423200E3C933 /* art.scnassets */ = {isa = PBXFileReference; lastKnownFileType = wrapper.scnassets; path = art.scnassets; sourceTree = "<group>"; };
		21205EBF27F7423200E3C933 /* ViewController.swift */ = {isa = PBXFileReference; lastKnownFileType = sourcecode.swift; path = ViewController.swift; sourceTree = "<group>"; };
		21205EC227F7423200E3C933 /* Base */ = {isa = PBXFileReference; lastKnownFileType = file.storyboard; name = Base; path = Base.lproj/Main.storyboard; sourceTree = "<group>"; };
		21205EC427F7423400E3C933 /* Assets.xcassets */ = {isa = PBXFileReference; lastKnownFileType = folder.assetcatalog; path = Assets.xcassets; sourceTree = "<group>"; };
		21205EC727F7423400E3C933 /* Base */ = {isa = PBXFileReference; lastKnownFileType = file.storyboard; name = Base; path = Base.lproj/LaunchScreen.storyboard; sourceTree = "<group>"; };
		21205ED327F7921200E3C933 /* stars.swift */ = {isa = PBXFileReference; lastKnownFileType = sourcecode.swift; path = stars.swift; sourceTree = "<group>"; };
		21205ED727FB747400E3C933 /* Planet.swift */ = {isa = PBXFileReference; lastKnownFileType = sourcecode.swift; path = Planet.swift; sourceTree = "<group>"; };
		21587F77281895D5009923B0 /* SonifiedStars.mp3 */ = {isa = PBXFileReference; lastKnownFileType = audio.mp3; path = SonifiedStars.mp3; sourceTree = "<group>"; };
		2166562628145B6A004D9570 /* stardata2.csv */ = {isa = PBXFileReference; fileEncoding = 4; lastKnownFileType = text; name = stardata2.csv; path = ../../../Downloads/stardata2.csv; sourceTree = "<group>"; };
		2187124B280A0E360035D16B /* Experience.rcproject */ = {isa = PBXFileReference; lastKnownFileType = file.rcproject; path = Experience.rcproject; sourceTree = "<group>"; };
		2187124D280A12380035D16B /* SkyApp.entitlements */ = {isa = PBXFileReference; lastKnownFileType = text.plist.entitlements; path = SkyApp.entitlements; sourceTree = "<group>"; };
		218EFB372817559D00C0037A /* AVFoundation.framework */ = {isa = PBXFileReference; lastKnownFileType = wrapper.framework; name = AVFoundation.framework; path = System/Library/Frameworks/AVFoundation.framework; sourceTree = SDKROOT; };
		21C5BF4727FE24D50069C4FD /* stardata.csv */ = {isa = PBXFileReference; fileEncoding = 4; lastKnownFileType = text; path = stardata.csv; sourceTree = "<group>"; };
/* End PBXFileReference section */

/* Begin PBXFrameworksBuildPhase section */
		21205EB527F7423200E3C933 /* Frameworks */ = {
			isa = PBXFrameworksBuildPhase;
			buildActionMask = 2147483647;
			files = (
			);
			runOnlyForDeploymentPostprocessing = 0;
		};
/* End PBXFrameworksBuildPhase section */

/* Begin PBXGroup section */
		21205EAF27F7423200E3C933 = {
			isa = PBXGroup;
			children = (
				2187124D280A12380035D16B /* SkyApp.entitlements */,
				21205ED227F791F800E3C933 /* Data */,
				21205EBA27F7423200E3C933 /* SonifiedSkyApp */,
				21205EB927F7423200E3C933 /* Products */,
				218EFB362817559D00C0037A /* Frameworks */,
			);
			sourceTree = "<group>";
		};
		21205EB927F7423200E3C933 /* Products */ = {
			isa = PBXGroup;
			children = (
				21205EB827F7423200E3C933 /* SkyApp.app */,
			);
			name = Products;
			sourceTree = "<group>";
		};
		21205EBA27F7423200E3C933 /* SonifiedSkyApp */ = {
			isa = PBXGroup;
			children = (
				21587F77281895D5009923B0 /* SonifiedStars.mp3 */,
				21205EBB27F7423200E3C933 /* AppDelegate.swift */,
				21205EBD27F7423200E3C933 /* art.scnassets */,
				21205EBF27F7423200E3C933 /* ViewController.swift */,
				21205EC127F7423200E3C933 /* Main.storyboard */,
				21205EC427F7423400E3C933 /* Assets.xcassets */,
				21205EC627F7423400E3C933 /* LaunchScreen.storyboard */,
			);
			path = SonifiedSkyApp;
			sourceTree = "<group>";
		};
		21205ED227F791F800E3C933 /* Data */ = {
			isa = PBXGroup;
			children = (
				21205ED727FB747400E3C933 /* Planet.swift */,
				2166562628145B6A004D9570 /* stardata2.csv */,
				21C5BF4727FE24D50069C4FD /* stardata.csv */,
				21205ED327F7921200E3C933 /* stars.swift */,
				2187124B280A0E360035D16B /* Experience.rcproject */,
			);
			path = Data;
			sourceTree = "<group>";
		};
		218EFB362817559D00C0037A /* Frameworks */ = {
			isa = PBXGroup;
			children = (
				218EFB372817559D00C0037A /* AVFoundation.framework */,
			);
			name = Frameworks;
			sourceTree = "<group>";
		};
/* End PBXGroup section */

/* Begin PBXNativeTarget section */
		21205EB727F7423200E3C933 /* SkyApp */ = {
			isa = PBXNativeTarget;
			buildConfigurationList = 21205ECB27F7423400E3C933 /* Build configuration list for PBXNativeTarget "SkyApp" */;
			buildPhases = (
				21205EB427F7423200E3C933 /* Sources */,
				21205EB527F7423200E3C933 /* Frameworks */,
				21205EB627F7423200E3C933 /* Resources */,
			);
			buildRules = (
			);
			dependencies = (
			);
			name = SkyApp;
			productName = SonifiedSkyApp;
			productReference = 21205EB827F7423200E3C933 /* SkyApp.app */;
			productType = "com.apple.product-type.application";
		};
/* End PBXNativeTarget section */

/* Begin PBXProject section */
		21205EB027F7423200E3C933 /* Project object */ = {
			isa = PBXProject;
			attributes = {
				BuildIndependentTargetsInParallel = 1;
				LastSwiftUpdateCheck = 1330;
				LastUpgradeCheck = 1330;
				TargetAttributes = {
					21205EB727F7423200E3C933 = {
						CreatedOnToolsVersion = 13.3;
					};
				};
			};
			buildConfigurationList = 21205EB327F7423200E3C933 /* Build configuration list for PBXProject "SkyApp" */;
			compatibilityVersion = "Xcode 13.0";
			developmentRegion = en;
			hasScannedForEncodings = 0;
			knownRegions = (
				en,
				Base,
			);
			mainGroup = 21205EAF27F7423200E3C933;
			productRefGroup = 21205EB927F7423200E3C933 /* Products */;
			projectDirPath = "";
			projectRoot = "";
			targets = (
				21205EB727F7423200E3C933 /* SkyApp */,
			);
		};
/* End PBXProject section */

/* Begin PBXResourcesBuildPhase section */
		21205EB627F7423200E3C933 /* Resources */ = {
			isa = PBXResourcesBuildPhase;
			buildActionMask = 2147483647;
			files = (
				21205EBE27F7423200E3C933 /* art.scnassets in Resources */,
				21205EC827F7423400E3C933 /* LaunchScreen.storyboard in Resources */,
				21205EC527F7423400E3C933 /* Assets.xcassets in Resources */,
				2166562728145B6A004D9570 /* stardata2.csv in Resources */,
				21C5BF4827FE24D50069C4FD /* stardata.csv in Resources */,
				21205EC327F7423200E3C933 /* Main.storyboard in Resources */,
				21587F78281895D5009923B0 /* SonifiedStars.mp3 in Resources */,
			);
			runOnlyForDeploymentPostprocessing = 0;
		};
/* End PBXResourcesBuildPhase section */

/* Begin PBXSourcesBuildPhase section */
		21205EB427F7423200E3C933 /* Sources */ = {
			isa = PBXSourcesBuildPhase;
			buildActionMask = 2147483647;
			files = (
				21205EC027F7423200E3C933 /* ViewController.swift in Sources */,
				2187124C280A0E360035D16B /* Experience.rcproject in Sources */,
				21205EBC27F7423200E3C933 /* AppDelegate.swift in Sources */,
				21205ED427F7921200E3C933 /* stars.swift in Sources */,
				21205ED827FB747400E3C933 /* Planet.swift in Sources */,
			);
			runOnlyForDeploymentPostprocessing = 0;
		};
/* End PBXSourcesBuildPhase section */

/* Begin PBXVariantGroup section */
		21205EC127F7423200E3C933 /* Main.storyboard */ = {
			isa = PBXVariantGroup;
			children = (
				21205EC227F7423200E3C933 /* Base */,
			);
			name = Main.storyboard;
			sourceTree = "<group>";
		};
		21205EC627F7423400E3C933 /* LaunchScreen.storyboard */ = {
			isa = PBXVariantGroup;
			children = (
				21205EC727F7423400E3C933 /* Base */,
			);
			name = LaunchScreen.storyboard;
			sourceTree = "<group>";
		};
/* End PBXVariantGroup section */

/* Begin XCBuildConfiguration section */
		21205EC927F7423400E3C933 /* Debug */ = {
			isa = XCBuildConfiguration;
			buildSettings = {
				ALWAYS_SEARCH_USER_PATHS = NO;
				CLANG_ANALYZER_NONNULL = YES;
				CLANG_ANALYZER_NUMBER_OBJECT_CONVERSION = YES_AGGRESSIVE;
				CLANG_CXX_LANGUAGE_STANDARD = "gnu++17";
				CLANG_ENABLE_MODULES = YES;
				CLANG_ENABLE_OBJC_ARC = YES;
				CLANG_ENABLE_OBJC_WEAK = YES;
				CLANG_WARN_BLOCK_CAPTURE_AUTORELEASING = YES;
				CLANG_WARN_BOOL_CONVERSION = YES;
				CLANG_WARN_COMMA = YES;
				CLANG_WARN_CONSTANT_CONVERSION = YES;
				CLANG_WARN_DEPRECATED_OBJC_IMPLEMENTATIONS = YES;
				CLANG_WARN_DIRECT_OBJC_ISA_USAGE = YES_ERROR;
				CLANG_WARN_DOCUMENTATION_COMMENTS = YES;
				CLANG_WARN_EMPTY_BODY = YES;
				CLANG_WARN_ENUM_CONVERSION = YES;
				CLANG_WARN_INFINITE_RECURSION = YES;
				CLANG_WARN_INT_CONVERSION = YES;
				CLANG_WARN_NON_LITERAL_NULL_CONVERSION = YES;
				CLANG_WARN_OBJC_IMPLICIT_RETAIN_SELF = YES;
				CLANG_WARN_OBJC_LITERAL_CONVERSION = YES;
				CLANG_WARN_OBJC_ROOT_CLASS = YES_ERROR;
				CLANG_WARN_QUOTED_INCLUDE_IN_FRAMEWORK_HEADER = YES;
				CLANG_WARN_RANGE_LOOP_ANALYSIS = YES;
				CLANG_WARN_STRICT_PROTOTYPES = YES;
				CLANG_WARN_SUSPICIOUS_MOVE = YES;
				CLANG_WARN_UNGUARDED_AVAILABILITY = YES_AGGRESSIVE;
				CLANG_WARN_UNREACHABLE_CODE = YES;
				CLANG_WARN__DUPLICATE_METHOD_MATCH = YES;
				COPY_PHASE_STRIP = NO;
				DEBUG_INFORMATION_FORMAT = dwarf;
				ENABLE_STRICT_OBJC_MSGSEND = YES;
				ENABLE_TESTABILITY = YES;
				GCC_C_LANGUAGE_STANDARD = gnu11;
				GCC_DYNAMIC_NO_PIC = NO;
				GCC_NO_COMMON_BLOCKS = YES;
				GCC_OPTIMIZATION_LEVEL = 0;
				GCC_PREPROCESSOR_DEFINITIONS = (
					"DEBUG=1",
					"$(inherited)",
				);
				GCC_WARN_64_TO_32_BIT_CONVERSION = YES;
				GCC_WARN_ABOUT_RETURN_TYPE = YES_ERROR;
				GCC_WARN_UNDECLARED_SELECTOR = YES;
				GCC_WARN_UNINITIALIZED_AUTOS = YES_AGGRESSIVE;
				GCC_WARN_UNUSED_FUNCTION = YES;
				GCC_WARN_UNUSED_VARIABLE = YES;
				IPHONEOS_DEPLOYMENT_TARGET = 15.4;
				MTL_ENABLE_DEBUG_INFO = INCLUDE_SOURCE;
				MTL_FAST_MATH = YES;
				ONLY_ACTIVE_ARCH = YES;
				SDKROOT = iphoneos;
				SWIFT_ACTIVE_COMPILATION_CONDITIONS = DEBUG;
				SWIFT_OPTIMIZATION_LEVEL = "-Onone";
			};
			name = Debug;
		};
		21205ECA27F7423400E3C933 /* Release */ = {
			isa = XCBuildConfiguration;
			buildSettings = {
				ALWAYS_SEARCH_USER_PATHS = NO;
				CLANG_ANALYZER_NONNULL = YES;
				CLANG_ANALYZER_NUMBER_OBJECT_CONVERSION = YES_AGGRESSIVE;
				CLANG_CXX_LANGUAGE_STANDARD = "gnu++17";
				CLANG_ENABLE_MODULES = YES;
				CLANG_ENABLE_OBJC_ARC = YES;
				CLANG_ENABLE_OBJC_WEAK = YES;
				CLANG_WARN_BLOCK_CAPTURE_AUTORELEASING = YES;
				CLANG_WARN_BOOL_CONVERSION = YES;
				CLANG_WARN_COMMA = YES;
				CLANG_WARN_CONSTANT_CONVERSION = YES;
				CLANG_WARN_DEPRECATED_OBJC_IMPLEMENTATIONS = YES;
				CLANG_WARN_DIRECT_OBJC_ISA_USAGE = YES_ERROR;
				CLANG_WARN_DOCUMENTATION_COMMENTS = YES;
				CLANG_WARN_EMPTY_BODY = YES;
				CLANG_WARN_ENUM_CONVERSION = YES;
				CLANG_WARN_INFINITE_RECURSION = YES;
				CLANG_WARN_INT_CONVERSION = YES;
				CLANG_WARN_NON_LITERAL_NULL_CONVERSION = YES;
				CLANG_WARN_OBJC_IMPLICIT_RETAIN_SELF = YES;
				CLANG_WARN_OBJC_LITERAL_CONVERSION = YES;
				CLANG_WARN_OBJC_ROOT_CLASS = YES_ERROR;
				CLANG_WARN_QUOTED_INCLUDE_IN_FRAMEWORK_HEADER = YES;
				CLANG_WARN_RANGE_LOOP_ANALYSIS = YES;
				CLANG_WARN_STRICT_PROTOTYPES = YES;
				CLANG_WARN_SUSPICIOUS_MOVE = YES;
				CLANG_WARN_UNGUARDED_AVAILABILITY = YES_AGGRESSIVE;
				CLANG_WARN_UNREACHABLE_CODE = YES;
				CLANG_WARN__DUPLICATE_METHOD_MATCH = YES;
				COPY_PHASE_STRIP = NO;
				DEBUG_INFORMATION_FORMAT = "dwarf-with-dsym";
				ENABLE_NS_ASSERTIONS = NO;
				ENABLE_STRICT_OBJC_MSGSEND = YES;
				GCC_C_LANGUAGE_STANDARD = gnu11;
				GCC_NO_COMMON_BLOCKS = YES;
				GCC_WARN_64_TO_32_BIT_CONVERSION = YES;
				GCC_WARN_ABOUT_RETURN_TYPE = YES_ERROR;
				GCC_WARN_UNDECLARED_SELECTOR = YES;
				GCC_WARN_UNINITIALIZED_AUTOS = YES_AGGRESSIVE;
				GCC_WARN_UNUSED_FUNCTION = YES;
				GCC_WARN_UNUSED_VARIABLE = YES;
				IPHONEOS_DEPLOYMENT_TARGET = 15.4;
				MTL_ENABLE_DEBUG_INFO = NO;
				MTL_FAST_MATH = YES;
				SDKROOT = iphoneos;
				SWIFT_COMPILATION_MODE = wholemodule;
				SWIFT_OPTIMIZATION_LEVEL = "-O";
				VALIDATE_PRODUCT = YES;
			};
			name = Release;
		};
		21205ECC27F7423400E3C933 /* Debug */ = {
			isa = XCBuildConfiguration;
			buildSettings = {
				ASSETCATALOG_COMPILER_APPICON_NAME = AppIcon;
				ASSETCATALOG_COMPILER_GLOBAL_ACCENT_COLOR_NAME = AccentColor;
				ASSETCATALOG_COMPILER_INCLUDE_ALL_APPICON_ASSETS = YES;
				CODE_SIGN_ENTITLEMENTS = SkyApp.entitlements;
				CODE_SIGN_IDENTITY = "Apple Development";
				CODE_SIGN_STYLE = Automatic;
				CURRENT_PROJECT_VERSION = 1;
				DEVELOPMENT_TEAM = 96NPNR384Q;
				GENERATE_INFOPLIST_FILE = YES;
				INFOPLIST_KEY_NSCameraUsageDescription = "";
				INFOPLIST_KEY_UIApplicationSupportsIndirectInputEvents = YES;
				INFOPLIST_KEY_UILaunchStoryboardName = LaunchScreen;
				INFOPLIST_KEY_UIMainStoryboardFile = Main;
				INFOPLIST_KEY_UIRequiredDeviceCapabilities = arkit;
				INFOPLIST_KEY_UIStatusBarHidden = YES;
				INFOPLIST_KEY_UISupportedInterfaceOrientations_iPad = "UIInterfaceOrientationPortrait UIInterfaceOrientationPortraitUpsideDown UIInterfaceOrientationLandscapeLeft UIInterfaceOrientationLandscapeRight";
				INFOPLIST_KEY_UISupportedInterfaceOrientations_iPhone = "UIInterfaceOrientationPortrait UIInterfaceOrientationLandscapeLeft UIInterfaceOrientationLandscapeRight";
				LD_RUNPATH_SEARCH_PATHS = (
					"$(inherited)",
					"@executable_path/Frameworks",
				);
				MARKETING_VERSION = 1.0;
				PRODUCT_BUNDLE_IDENTIFIER = com.SkyApp;
				PRODUCT_NAME = "$(TARGET_NAME)";
				PROVISIONING_PROFILE_SPECIFIER = "";
				SWIFT_EMIT_LOC_STRINGS = YES;
				SWIFT_VERSION = 5.0;
				TARGETED_DEVICE_FAMILY = "1,2";
			};
			name = Debug;
		};
		21205ECD27F7423400E3C933 /* Release */ = {
			isa = XCBuildConfiguration;
			buildSettings = {
				ASSETCATALOG_COMPILER_APPICON_NAME = AppIcon;
				ASSETCATALOG_COMPILER_GLOBAL_ACCENT_COLOR_NAME = AccentColor;
				ASSETCATALOG_COMPILER_INCLUDE_ALL_APPICON_ASSETS = YES;
				CODE_SIGN_ENTITLEMENTS = SkyApp.entitlements;
				CODE_SIGN_IDENTITY = "Apple Development";
				CODE_SIGN_STYLE = Automatic;
				CURRENT_PROJECT_VERSION = 1;
				DEVELOPMENT_TEAM = 96NPNR384Q;
				GENERATE_INFOPLIST_FILE = YES;
				INFOPLIST_KEY_NSCameraUsageDescription = "";
				INFOPLIST_KEY_UIApplicationSupportsIndirectInputEvents = YES;
				INFOPLIST_KEY_UILaunchStoryboardName = LaunchScreen;
				INFOPLIST_KEY_UIMainStoryboardFile = Main;
				INFOPLIST_KEY_UIRequiredDeviceCapabilities = arkit;
				INFOPLIST_KEY_UIStatusBarHidden = YES;
				INFOPLIST_KEY_UISupportedInterfaceOrientations_iPad = "UIInterfaceOrientationPortrait UIInterfaceOrientationPortraitUpsideDown UIInterfaceOrientationLandscapeLeft UIInterfaceOrientationLandscapeRight";
				INFOPLIST_KEY_UISupportedInterfaceOrientations_iPhone = "UIInterfaceOrientationPortrait UIInterfaceOrientationLandscapeLeft UIInterfaceOrientationLandscapeRight";
				LD_RUNPATH_SEARCH_PATHS = (
					"$(inherited)",
					"@executable_path/Frameworks",
				);
				MARKETING_VERSION = 1.0;
				PRODUCT_BUNDLE_IDENTIFIER = com.SkyApp;
				PRODUCT_NAME = "$(TARGET_NAME)";
				PROVISIONING_PROFILE_SPECIFIER = "";
				SWIFT_EMIT_LOC_STRINGS = YES;
				SWIFT_VERSION = 5.0;
				TARGETED_DEVICE_FAMILY = "1,2";
			};
			name = Release;
		};
/* End XCBuildConfiguration section */

/* Begin XCConfigurationList section */
		21205EB327F7423200E3C933 /* Build configuration list for PBXProject "SkyApp" */ = {
			isa = XCConfigurationList;
			buildConfigurations = (
				21205EC927F7423400E3C933 /* Debug */,
				21205ECA27F7423400E3C933 /* Release */,
			);
			defaultConfigurationIsVisible = 0;
			defaultConfigurationName = Release;
		};
		21205ECB27F7423400E3C933 /* Build configuration list for PBXNativeTarget "SkyApp" */ = {
			isa = XCConfigurationList;
			buildConfigurations = (
				21205ECC27F7423400E3C933 /* Debug */,
				21205ECD27F7423400E3C933 /* Release */,
			);
			defaultConfigurationIsVisible = 0;
			defaultConfigurationName = Release;
		};
/* End XCConfigurationList section */
	};
	rootObject = 21205EB027F7423200E3C933 /* Project object */;
}
